# This file is automatically @generated by Cargo.
# It is not intended for manual editing.
version = 4

[[package]]
name = "day2"
version = "0.1.0"
dependencies = [
 "strip-prefix-suffix-sane",
]

[[package]]
name = "strip-prefix-suffix-sane"
version = "0.1.0"
source = "registry+https://github.com/rust-lang/crates.io-index"
checksum = "6c4b32165ad011866862311f2e99f3b67259a4d1772203988d52f3d1b21b7ee6"
